
Microsoft Visual Studio Solution File, Format Version 12.00
# Visual Studio Version 16
VisualStudioVersion = 16.0.30011.22
MinimumVisualStudioVersion = 15.0.26124.0
Project("{2150E333-8FDC-42A3-9474-1A3956D46DE8}") = "src", "src", "{F99A2C1D-483C-4062-B12A-CCC833F4C226}"
EndProject
Project("{9A19103F-16F7-4668-BE54-9A1E7A4F7556}") = "CredentialCat.Console", "src\CredentialCat.Console\CredentialCat.Console.csproj", "{E7D78B67-0DB1-482C-AEDD-4CAC72F1B58D}"
EndProject
Project("{9A19103F-16F7-4668-BE54-9A1E7A4F7556}") = "CredentialCat.Shared", "src\CredentialCat.Shared\CredentialCat.Shared.csproj", "{72384022-9262-4AB0-84C8-8E4B56C0EB4A}"
EndProject
Project("{2150E333-8FDC-42A3-9474-1A3956D46DE8}") = "Solution Items", "Solution Items", "{342422D6-2E96-4FD9-9BDE-A5A2F4F88619}"
	ProjectSection(SolutionItems) = preProject
		.editorconfig = .editorconfig
	EndProjectSection
EndProject
Global
	GlobalSection(SolutionConfigurationPlatforms) = preSolution
		Debug|Any CPU = Debug|Any CPU
		Debug|x64 = Debug|x64
		Debug|x86 = Debug|x86
		Release|Any CPU = Release|Any CPU
		Release|x64 = Release|x64
		Release|x86 = Release|x86
	EndGlobalSection
	GlobalSection(ProjectConfigurationPlatforms) = postSolution
		{E7D78B67-0DB1-482C-AEDD-4CAC72F1B58D}.Debug|Any CPU.ActiveCfg = Debug|Any CPU
		{E7D78B67-0DB1-482C-AEDD-4CAC72F1B58D}.Debug|Any CPU.Build.0 = Debug|Any CPU
		{E7D78B67-0DB1-482C-AEDD-4CAC72F1B58D}.Debug|x64.ActiveCfg = Debug|Any CPU
		{E7D78B67-0DB1-482C-AEDD-4CAC72F1B58D}.Debug|x64.Build.0 = Debug|Any CPU
		{E7D78B67-0DB1-482C-AEDD-4CAC72F1B58D}.Debug|x86.ActiveCfg = Debug|Any CPU
		{E7D78B67-0DB1-482C-AEDD-4CAC72F1B58D}.Debug|x86.Build.0 = Debug|Any CPU
		{E7D78B67-0DB1-482C-AEDD-4CAC72F1B58D}.Release|Any CPU.ActiveCfg = Release|Any CPU
		{E7D78B67-0DB1-482C-AEDD-4CAC72F1B58D}.Release|Any CPU.Build.0 = Release|Any CPU
		{E7D78B67-0DB1-482C-AEDD-4CAC72F1B58D}.Release|x64.ActiveCfg = Release|Any CPU
		{E7D78B67-0DB1-482C-AEDD-4CAC72F1B58D}.Release|x64.Build.0 = Release|Any CPU
		{E7D78B67-0DB1-482C-AEDD-4CAC72F1B58D}.Release|x86.ActiveCfg = Release|Any CPU
		{E7D78B67-0DB1-482C-AEDD-4CAC72F1B58D}.Release|x86.Build.0 = Release|Any CPU
		{72384022-9262-4AB0-84C8-8E4B56C0EB4A}.Debug|Any CPU.ActiveCfg = Debug|Any CPU
		{72384022-9262-4AB0-84C8-8E4B56C0EB4A}.Debug|Any CPU.Build.0 = Debug|Any CPU
		{72384022-9262-4AB0-84C8-8E4B56C0EB4A}.Debug|x64.ActiveCfg = Debug|Any CPU
		{72384022-9262-4AB0-84C8-8E4B56C0EB4A}.Debug|x64.Build.0 = Debug|Any CPU
		{72384022-9262-4AB0-84C8-8E4B56C0EB4A}.Debug|x86.ActiveCfg = Debug|Any CPU
		{72384022-9262-4AB0-84C8-8E4B56C0EB4A}.Debug|x86.Build.0 = Debug|Any CPU
		{72384022-9262-4AB0-84C8-8E4B56C0EB4A}.Release|Any CPU.ActiveCfg = Release|Any CPU
		{72384022-9262-4AB0-84C8-8E4B56C0EB4A}.Release|Any CPU.Build.0 = Release|Any CPU
		{72384022-9262-4AB0-84C8-8E4B56C0EB4A}.Release|x64.ActiveCfg = Release|Any CPU
		{72384022-9262-4AB0-84C8-8E4B56C0EB4A}.Release|x64.Build.0 = Release|Any CPU
		{72384022-9262-4AB0-84C8-8E4B56C0EB4A}.Release|x86.ActiveCfg = Release|Any CPU
		{72384022-9262-4AB0-84C8-8E4B56C0EB4A}.Release|x86.Build.0 = Release|Any CPU
	EndGlobalSection
	GlobalSection(SolutionProperties) = preSolution
		HideSolutionNode = FALSE
	EndGlobalSection
	GlobalSection(NestedProjects) = preSolution
		{E7D78B67-0DB1-482C-AEDD-4CAC72F1B58D} = {F99A2C1D-483C-4062-B12A-CCC833F4C226}
		{72384022-9262-4AB0-84C8-8E4B56C0EB4A} = {F99A2C1D-483C-4062-B12A-CCC833F4C226}
	EndGlobalSection
	GlobalSection(ExtensibilityGlobals) = postSolution
		SolutionGuid = {4B61BED9-71AF-4631-AE10-4803A7F00643}
	EndGlobalSection
EndGlobal
